
Microsoft Visual Studio Solution File, Format Version 12.00
# Visual Studio 14
VisualStudioVersion = 14.0.25420.1
MinimumVisualStudioVersion = 10.0.40219.1
Project("{FAE04EC0-301F-11D3-BF4B-00C04F79EFBC}") = "ShareForCures", "ShareForCures\ShareForCures.csproj", "{65B3091D-D82E-4F61-9C0F-56FDDA45F06E}"
	ProjectSection(ProjectDependencies) = postProject
		{68A0C850-6219-4421-95CB-68BC33A91C4E} = {68A0C850-6219-4421-95CB-68BC33A91C4E}
		{7CE9DD76-4C33-41E0-81A9-93DA2BFB4997} = {7CE9DD76-4C33-41E0-81A9-93DA2BFB4997}
	EndProjectSection
EndProject
Project("{FAE04EC0-301F-11D3-BF4B-00C04F79EFBC}") = "DAL", "DAL\DAL.csproj", "{7CE9DD76-4C33-41E0-81A9-93DA2BFB4997}"
EndProject
Project("{FAE04EC0-301F-11D3-BF4B-00C04F79EFBC}") = "RESTfulBAL", "RESTfulBAL\RESTfulBAL.csproj", "{68A0C850-6219-4421-95CB-68BC33A91C4E}"
EndProject
Global
	GlobalSection(SolutionConfigurationPlatforms) = preSolution
		Debug|Any CPU = Debug|Any CPU
		Release|Any CPU = Release|Any CPU
	EndGlobalSection
	GlobalSection(ProjectConfigurationPlatforms) = postSolution
		{65B3091D-D82E-4F61-9C0F-56FDDA45F06E}.Debug|Any CPU.ActiveCfg = Debug|Any CPU
		{65B3091D-D82E-4F61-9C0F-56FDDA45F06E}.Debug|Any CPU.Build.0 = Debug|Any CPU
		{65B3091D-D82E-4F61-9C0F-56FDDA45F06E}.Release|Any CPU.ActiveCfg = Release|Any CPU
		{65B3091D-D82E-4F61-9C0F-56FDDA45F06E}.Release|Any CPU.Build.0 = Release|Any CPU
		{7CE9DD76-4C33-41E0-81A9-93DA2BFB4997}.Debug|Any CPU.ActiveCfg = Debug|Any CPU
		{7CE9DD76-4C33-41E0-81A9-93DA2BFB4997}.Debug|Any CPU.Build.0 = Debug|Any CPU
		{7CE9DD76-4C33-41E0-81A9-93DA2BFB4997}.Release|Any CPU.ActiveCfg = Release|Any CPU
		{7CE9DD76-4C33-41E0-81A9-93DA2BFB4997}.Release|Any CPU.Build.0 = Release|Any CPU
		{68A0C850-6219-4421-95CB-68BC33A91C4E}.Debug|Any CPU.ActiveCfg = Debug|Any CPU
		{68A0C850-6219-4421-95CB-68BC33A91C4E}.Debug|Any CPU.Build.0 = Debug|Any CPU
		{68A0C850-6219-4421-95CB-68BC33A91C4E}.Release|Any CPU.ActiveCfg = Release|Any CPU
		{68A0C850-6219-4421-95CB-68BC33A91C4E}.Release|Any CPU.Build.0 = Release|Any CPU
	EndGlobalSection
	GlobalSection(SolutionProperties) = preSolution
		HideSolutionNode = FALSE
	EndGlobalSection
EndGlobal
